
Microsoft Visual Studio Solution File, Format Version 12.00
Project("{FAE04EC0-301F-11D3-BF4B-00C04F79EFBC}") = "MessengerAPI", "MessengerAPI.csproj", "{D73ED5EC-48DF-4E83-B093-9745973D901B}"
EndProject
Global
	GlobalSection(SolutionConfigurationPlatforms) = preSolution
		Debug|Any CPU = Debug|Any CPU
		Release|Any CPU = Release|Any CPU
	EndGlobalSection
	GlobalSection(ProjectConfigurationPlatforms) = postSolution
		{D73ED5EC-48DF-4E83-B093-9745973D901B}.Debug|Any CPU.ActiveCfg = Debug|Any CPU
		{D73ED5EC-48DF-4E83-B093-9745973D901B}.Debug|Any CPU.Build.0 = Debug|Any CPU
		{D73ED5EC-48DF-4E83-B093-9745973D901B}.Release|Any CPU.ActiveCfg = Release|Any CPU
		{D73ED5EC-48DF-4E83-B093-9745973D901B}.Release|Any CPU.Build.0 = Release|Any CPU
	EndGlobalSection
EndGlobal
